
Microsoft Visual Studio Solution File, Format Version 12.00
# Visual Studio Version 17
VisualStudioVersion = 17.2.32516.85
MinimumVisualStudioVersion = 10.0.40219.1
Project("{FAE04EC0-301F-11D3-BF4B-00C04F79EFBC}") = "Tienda", "Tienda\Tienda.csproj", "{D53F2EB3-9F18-4705-A854-398F0711915E}"
EndProject
Project("{FAE04EC0-301F-11D3-BF4B-00C04F79EFBC}") = "ManejadoresTienda", "ManejadoresTienda\ManejadoresTienda.csproj", "{FB23F782-6FF6-4E88-9563-01ECB5DFFF69}"
EndProject
Project("{FAE04EC0-301F-11D3-BF4B-00C04F79EFBC}") = "EntidadesTienda", "EntidadesTienda\EntidadesTienda.csproj", "{312BFFAB-2D25-463B-9A4F-B5BF29D98E05}"
EndProject
Project("{FAE04EC0-301F-11D3-BF4B-00C04F79EFBC}") = "AccesoDatos", "AccesoDatos\AccesoDatos.csproj", "{86A6AB1A-D913-4BD5-982E-F6D3213CB1A0}"
EndProject
Global
	GlobalSection(SolutionConfigurationPlatforms) = preSolution
		Debug|Any CPU = Debug|Any CPU
		Release|Any CPU = Release|Any CPU
	EndGlobalSection
	GlobalSection(ProjectConfigurationPlatforms) = postSolution
		{D53F2EB3-9F18-4705-A854-398F0711915E}.Debug|Any CPU.ActiveCfg = Debug|Any CPU
		{D53F2EB3-9F18-4705-A854-398F0711915E}.Debug|Any CPU.Build.0 = Debug|Any CPU
		{D53F2EB3-9F18-4705-A854-398F0711915E}.Release|Any CPU.ActiveCfg = Release|Any CPU
		{D53F2EB3-9F18-4705-A854-398F0711915E}.Release|Any CPU.Build.0 = Release|Any CPU
		{FB23F782-6FF6-4E88-9563-01ECB5DFFF69}.Debug|Any CPU.ActiveCfg = Debug|Any CPU
		{FB23F782-6FF6-4E88-9563-01ECB5DFFF69}.Debug|Any CPU.Build.0 = Debug|Any CPU
		{FB23F782-6FF6-4E88-9563-01ECB5DFFF69}.Release|Any CPU.ActiveCfg = Release|Any CPU
		{FB23F782-6FF6-4E88-9563-01ECB5DFFF69}.Release|Any CPU.Build.0 = Release|Any CPU
		{312BFFAB-2D25-463B-9A4F-B5BF29D98E05}.Debug|Any CPU.ActiveCfg = Debug|Any CPU
		{312BFFAB-2D25-463B-9A4F-B5BF29D98E05}.Debug|Any CPU.Build.0 = Debug|Any CPU
		{312BFFAB-2D25-463B-9A4F-B5BF29D98E05}.Release|Any CPU.ActiveCfg = Release|Any CPU
		{312BFFAB-2D25-463B-9A4F-B5BF29D98E05}.Release|Any CPU.Build.0 = Release|Any CPU
		{86A6AB1A-D913-4BD5-982E-F6D3213CB1A0}.Debug|Any CPU.ActiveCfg = Debug|Any CPU
		{86A6AB1A-D913-4BD5-982E-F6D3213CB1A0}.Debug|Any CPU.Build.0 = Debug|Any CPU
		{86A6AB1A-D913-4BD5-982E-F6D3213CB1A0}.Release|Any CPU.ActiveCfg = Release|Any CPU
		{86A6AB1A-D913-4BD5-982E-F6D3213CB1A0}.Release|Any CPU.Build.0 = Release|Any CPU
	EndGlobalSection
	GlobalSection(SolutionProperties) = preSolution
		HideSolutionNode = FALSE
	EndGlobalSection
	GlobalSection(ExtensibilityGlobals) = postSolution
		SolutionGuid = {7A4D5452-AE3A-4E36-9DB4-6DE72A9925B2}
	EndGlobalSection
EndGlobal
